{
    "version": 3,
    "terraform_version": "0.11.7",
    "serial": 11,
    "lineage": "3e77bddb-e07c-1b8b-15f0-93350bbb970f",
    "modules": [
        {
            "path": [
                "root"
            ],
            "outputs": {},
            "resources": {
                "aws_internet_gateway.cp_gateway": {
                    "type": "aws_internet_gateway",
                    "depends_on": [
                        "aws_vpc.cp_vpc"
                    ],
                    "primary": {
                        "id": "igw-db4a05bd",
                        "attributes": {
                            "id": "igw-db4a05bd",
                            "tags.%": "1",
                            "tags.Name": "cp_internet_gateway",
                            "vpc_id": "vpc-a9e4e7d0"
                        },
                        "meta": {},
                        "tainted": false
                    },
                    "deposed": [],
                    "provider": "provider.aws"
                },
                "aws_security_group.web_sg": {
                    "type": "aws_security_group",
                    "depends_on": [
                        "aws_vpc.cp_vpc"
                    ],
                    "primary": {
                        "id": "sg-ad4adddc",
                        "attributes": {
                            "arn": "arn:aws:ec2:us-west-2:753379358044:security-group/sg-ad4adddc",
                            "description": "Virtual firewall for incoming/outgoing traffic for web client",
                            "egress.#": "1",
                            "egress.482069346.cidr_blocks.#": "1",
                            "egress.482069346.cidr_blocks.0": "0.0.0.0/0",
                            "egress.482069346.description": "",
                            "egress.482069346.from_port": "0",
                            "egress.482069346.ipv6_cidr_blocks.#": "0",
                            "egress.482069346.prefix_list_ids.#": "0",
                            "egress.482069346.protocol": "-1",
                            "egress.482069346.security_groups.#": "0",
                            "egress.482069346.self": "false",
                            "egress.482069346.to_port": "0",
                            "id": "sg-ad4adddc",
                            "ingress.#": "6",
                            "ingress.112487124.cidr_blocks.#": "1",
                            "ingress.112487124.cidr_blocks.0": "192.168.0.16/28",
                            "ingress.112487124.description": "",
                            "ingress.112487124.from_port": "5432",
                            "ingress.112487124.ipv6_cidr_blocks.#": "0",
                            "ingress.112487124.protocol": "tcp",
                            "ingress.112487124.security_groups.#": "0",
                            "ingress.112487124.self": "false",
                            "ingress.112487124.to_port": "5432",
                            "ingress.1243353963.cidr_blocks.#": "1",
                            "ingress.1243353963.cidr_blocks.0": "169.239.188.10/32",
                            "ingress.1243353963.description": "",
                            "ingress.1243353963.from_port": "22",
                            "ingress.1243353963.ipv6_cidr_blocks.#": "0",
                            "ingress.1243353963.protocol": "tcp",
                            "ingress.1243353963.security_groups.#": "0",
                            "ingress.1243353963.self": "false",
                            "ingress.1243353963.to_port": "22",
                            "ingress.2214680975.cidr_blocks.#": "1",
                            "ingress.2214680975.cidr_blocks.0": "0.0.0.0/0",
                            "ingress.2214680975.description": "",
                            "ingress.2214680975.from_port": "80",
                            "ingress.2214680975.ipv6_cidr_blocks.#": "0",
                            "ingress.2214680975.protocol": "tcp",
                            "ingress.2214680975.security_groups.#": "0",
                            "ingress.2214680975.self": "false",
                            "ingress.2214680975.to_port": "80",
                            "ingress.2558649767.cidr_blocks.#": "1",
                            "ingress.2558649767.cidr_blocks.0": "41.215.245.118/32",
                            "ingress.2558649767.description": "",
                            "ingress.2558649767.from_port": "22",
                            "ingress.2558649767.ipv6_cidr_blocks.#": "0",
                            "ingress.2558649767.protocol": "tcp",
                            "ingress.2558649767.security_groups.#": "0",
                            "ingress.2558649767.self": "false",
                            "ingress.2558649767.to_port": "22",
                            "ingress.2617001939.cidr_blocks.#": "1",
                            "ingress.2617001939.cidr_blocks.0": "0.0.0.0/0",
                            "ingress.2617001939.description": "",
                            "ingress.2617001939.from_port": "443",
                            "ingress.2617001939.ipv6_cidr_blocks.#": "0",
                            "ingress.2617001939.protocol": "tcp",
                            "ingress.2617001939.security_groups.#": "0",
                            "ingress.2617001939.self": "false",
                            "ingress.2617001939.to_port": "443",
                            "ingress.332570261.cidr_blocks.#": "1",
                            "ingress.332570261.cidr_blocks.0": "0.0.0.0/0",
                            "ingress.332570261.description": "",
                            "ingress.332570261.from_port": "8000",
                            "ingress.332570261.ipv6_cidr_blocks.#": "0",
                            "ingress.332570261.protocol": "tcp",
                            "ingress.332570261.security_groups.#": "0",
                            "ingress.332570261.self": "false",
                            "ingress.332570261.to_port": "8000",
                            "name": "WEB security group",
                            "owner_id": "753379358044",
                            "revoke_rules_on_delete": "false",
                            "tags.%": "0",
                            "vpc_id": "vpc-a9e4e7d0"
                        },
                        "meta": {
                            "e2bfb730-ecaa-11e6-8f88-34363bc7c4c0": {
                                "create": 600000000000,
                                "delete": 600000000000
                            },
                            "schema_version": "1"
                        },
                        "tainted": false
                    },
                    "deposed": [],
                    "provider": "provider.aws"
                },
                "aws_subnet.public_subnet": {
                    "type": "aws_subnet",
                    "depends_on": [
                        "aws_vpc.cp_vpc"
                    ],
                    "primary": {
                        "id": "subnet-a2bfd8db",
                        "attributes": {
                            "assign_ipv6_address_on_creation": "false",
                            "availability_zone": "us-west-2b",
                            "cidr_block": "192.168.0.16/28",
                            "id": "subnet-a2bfd8db",
                            "map_public_ip_on_launch": "false",
                            "tags.%": "1",
                            "tags.Name": "public subnet cp",
                            "vpc_id": "vpc-a9e4e7d0"
                        },
                        "meta": {
                            "schema_version": "1"
                        },
                        "tainted": false
                    },
                    "deposed": [],
                    "provider": "provider.aws"
                },
                "aws_vpc.cp_vpc": {
                    "type": "aws_vpc",
                    "depends_on": [],
                    "primary": {
                        "id": "vpc-a9e4e7d0",
                        "attributes": {
                            "assign_generated_ipv6_cidr_block": "false",
                            "cidr_block": "192.168.0.0/21",
                            "default_network_acl_id": "acl-cb1a89b3",
                            "default_route_table_id": "rtb-d62c3aae",
                            "default_security_group_id": "sg-979b0ce6",
                            "dhcp_options_id": "dopt-3191c555",
                            "enable_classiclink": "false",
                            "enable_classiclink_dns_support": "false",
                            "enable_dns_hostnames": "false",
                            "enable_dns_support": "true",
                            "id": "vpc-a9e4e7d0",
                            "instance_tenancy": "default",
                            "main_route_table_id": "rtb-d62c3aae",
                            "tags.%": "1",
                            "tags.Name": "cp_vpc"
                        },
                        "meta": {
                            "schema_version": "1"
                        },
                        "tainted": false
                    },
                    "deposed": [],
                    "provider": "provider.aws"
                }
            },
            "depends_on": []
        }
    ]
}
